{
  "name": "protoc-gen-godot",
  "version": "1.0.0",
  "lockfileVersion": 3,
  "requires": true,
  "packages": {
    "": {
      "name": "protoc-gen-godot",
      "version": "1.0.0",
      "license": "ISC",
      "dependencies": {
        "@bufbuild/buf": "^1.30.1"
      }
    },
    "node_modules/@bufbuild/buf": {
      "version": "1.30.1",
      "resolved": "https://registry.npmjs.org/@bufbuild/buf/-/buf-1.30.1.tgz",
      "integrity": "sha512-9VVvrXBCWUiH8ToccqDfPRuTiPXSbHmSkL8XPlMpUhpJIlm01m4/Vzbc5FJL1yuk3e1rdBGCF6I9Obs9NsILzg==",
      "hasInstallScript": true,
      "bin": {
        "buf": "bin/buf",
        "protoc-gen-buf-breaking": "bin/protoc-gen-buf-breaking",
        "protoc-gen-buf-lint": "bin/protoc-gen-buf-lint"
      },
      "engines": {
        "node": ">=12"
      },
      "optionalDependencies": {
        "@bufbuild/buf-darwin-arm64": "1.30.1",
        "@bufbuild/buf-darwin-x64": "1.30.1",
        "@bufbuild/buf-linux-aarch64": "1.30.1",
        "@bufbuild/buf-linux-x64": "1.30.1",
        "@bufbuild/buf-win32-arm64": "1.30.1",
        "@bufbuild/buf-win32-x64": "1.30.1"
      }
    },
    "node_modules/@bufbuild/buf-darwin-arm64": {
      "version": "1.30.1",
      "resolved": "https://registry.npmjs.org/@bufbuild/buf-darwin-arm64/-/buf-darwin-arm64-1.30.1.tgz",
      "integrity": "sha512-FRgf+x4V4s9Z1wH2xHdP8+1AYtil1GCmMjzKf/4AQ+eaUpoLfipSIsVYiBrnpcRxEPe9UMVzwNjKtPak/szwPw==",
      "cpu": [
        "arm64"
      ],
      "optional": true,
      "os": [
        "darwin"
      ],
      "engines": {
        "node": ">=12"
      }
    },
    "node_modules/@bufbuild/buf-darwin-x64": {
      "version": "1.30.1",
      "resolved": "https://registry.npmjs.org/@bufbuild/buf-darwin-x64/-/buf-darwin-x64-1.30.1.tgz",
      "integrity": "sha512-kE0ne45zE7lSdv9WxPVhapwu627WMbWmWCzqSxzYr8sWDLqiAuw+XvO9/mHGdPWcMhV4lMX6tutitd9PPVxK8A==",
      "cpu": [
        "x64"
      ],
      "optional": true,
      "os": [
        "darwin"
      ],
      "engines": {
        "node": ">=12"
      }
    },
    "node_modules/@bufbuild/buf-linux-aarch64": {
      "version": "1.30.1",
      "resolved": "https://registry.npmjs.org/@bufbuild/buf-linux-aarch64/-/buf-linux-aarch64-1.30.1.tgz",
      "integrity": "sha512-kVV9Sl0GwZiQkMOXJiuwuU+gIHe6AWcYBMRMmuW55sY0ePZNXBmRGt4k5W4ijy98O6pnY3ao+n9ne0KwiD9MVA==",
      "cpu": [
        "arm64"
      ],
      "optional": true,
      "os": [
        "linux"
      ],
      "engines": {
        "node": ">=12"
      }
    },
    "node_modules/@bufbuild/buf-linux-x64": {
      "version": "1.30.1",
      "resolved": "https://registry.npmjs.org/@bufbuild/buf-linux-x64/-/buf-linux-x64-1.30.1.tgz",
      "integrity": "sha512-RacDbQJYNwqRlMESa/rLHprfUVa8Wu1/cmcqS29Fyt/cGzs0G8sNcQzQ87HYFIS9cSlSPl6vWL0x8JqQRp68lQ==",
      "cpu": [
        "x64"
      ],
      "optional": true,
      "os": [
        "linux"
      ],
      "engines": {
        "node": ">=12"
      }
    },
    "node_modules/@bufbuild/buf-win32-arm64": {
      "version": "1.30.1",
      "resolved": "https://registry.npmjs.org/@bufbuild/buf-win32-arm64/-/buf-win32-arm64-1.30.1.tgz",
      "integrity": "sha512-ndp/qb5M6yrSzcnMI0j4jjAuDKa7zHBFc187FwyDb3v63rvyQeYqncHb0leT5ZWqfNggJT4vXIH6QnH82PfDQw==",
      "cpu": [
        "arm64"
      ],
      "optional": true,
      "os": [
        "win32"
      ],
      "engines": {
        "node": ">=12"
      }
    },
    "node_modules/@bufbuild/buf-win32-x64": {
      "version": "1.30.1",
      "resolved": "https://registry.npmjs.org/@bufbuild/buf-win32-x64/-/buf-win32-x64-1.30.1.tgz",
      "integrity": "sha512-1kmIY6oKLKZ4zIQVNG60GRDp+vKSZdaim7wRejOtgEDuWXhIuErlnGbpstypU8FO+OV3SeFUJNOJ8tLOYd3PvQ==",
      "cpu": [
        "x64"
      ],
      "optional": true,
      "os": [
        "win32"
      ],
      "engines": {
        "node": ">=12"
      }
    }
  }
}
